// !$*UTF8*$!
{
	archiveVersion = 1;
	classes = {
	};
	objectVersion = 51;
	objects = {

/* Begin PBXBuildFile section */
		1B3553F4BF7DAD9978728A5A /* Pods_RxSwiftProject.framework in Frameworks */ = {isa = PBXBuildFile; fileRef = 0FB77FB25397B7C807D2DB9E /* Pods_RxSwiftProject.framework */; };
		46081744270779CD00B9DED9 /* AppDelegate.swift in Sources */ = {isa = PBXBuildFile; fileRef = 46081743270779CD00B9DED9 /* AppDelegate.swift */; };
		46081746270779CD00B9DED9 /* SceneDelegate.swift in Sources */ = {isa = PBXBuildFile; fileRef = 46081745270779CD00B9DED9 /* SceneDelegate.swift */; };
		46081748270779CD00B9DED9 /* ViewController.swift in Sources */ = {isa = PBXBuildFile; fileRef = 46081747270779CD00B9DED9 /* ViewController.swift */; };
		4608174B270779CD00B9DED9 /* Main.storyboard in Resources */ = {isa = PBXBuildFile; fileRef = 46081749270779CD00B9DED9 /* Main.storyboard */; };
		4608174D270779CE00B9DED9 /* Assets.xcassets in Resources */ = {isa = PBXBuildFile; fileRef = 4608174C270779CE00B9DED9 /* Assets.xcassets */; };
		46081750270779CE00B9DED9 /* LaunchScreen.storyboard in Resources */ = {isa = PBXBuildFile; fileRef = 4608174E270779CE00B9DED9 /* LaunchScreen.storyboard */; };
		4608176427077AAF00B9DED9 /* LoginView.swift in Sources */ = {isa = PBXBuildFile; fileRef = 4608176327077AAF00B9DED9 /* LoginView.swift */; };
		4608176727077ABD00B9DED9 /* LoginView.xib in Resources */ = {isa = PBXBuildFile; fileRef = 4608176627077ABD00B9DED9 /* LoginView.xib */; };
		4608176A27077D0A00B9DED9 /* LoginViewModel.swift in Sources */ = {isa = PBXBuildFile; fileRef = 4608176927077D0A00B9DED9 /* LoginViewModel.swift */; };
		4608176E27077E3400B9DED9 /* APIManager.swift in Sources */ = {isa = PBXBuildFile; fileRef = 4608176D27077E3400B9DED9 /* APIManager.swift */; };
		46081772270787E800B9DED9 /* Database.xcdatamodeld in Sources */ = {isa = PBXBuildFile; fileRef = 46081770270787E800B9DED9 /* Database.xcdatamodeld */; };
		460817772707883D00B9DED9 /* User+CoreDataClass.swift in Sources */ = {isa = PBXBuildFile; fileRef = 460817752707883D00B9DED9 /* User+CoreDataClass.swift */; };
		460817782707883D00B9DED9 /* User+CoreDataProperties.swift in Sources */ = {isa = PBXBuildFile; fileRef = 460817762707883D00B9DED9 /* User+CoreDataProperties.swift */; };
		4608177B270788D800B9DED9 /* Extension.swift in Sources */ = {isa = PBXBuildFile; fileRef = 4608177A270788D800B9DED9 /* Extension.swift */; };
		4608177E270789B100B9DED9 /* Database.swift in Sources */ = {isa = PBXBuildFile; fileRef = 4608177D270789B100B9DED9 /* Database.swift */; };
/* End PBXBuildFile section */

/* Begin PBXFileReference section */
		0FB77FB25397B7C807D2DB9E /* Pods_RxSwiftProject.framework */ = {isa = PBXFileReference; explicitFileType = wrapper.framework; includeInIndex = 0; path = Pods_RxSwiftProject.framework; sourceTree = BUILT_PRODUCTS_DIR; };
		46081740270779CD00B9DED9 /* RxSwiftProject.app */ = {isa = PBXFileReference; explicitFileType = wrapper.application; includeInIndex = 0; path = RxSwiftProject.app; sourceTree = BUILT_PRODUCTS_DIR; };
		46081743270779CD00B9DED9 /* AppDelegate.swift */ = {isa = PBXFileReference; lastKnownFileType = sourcecode.swift; path = AppDelegate.swift; sourceTree = "<group>"; };
		46081745270779CD00B9DED9 /* SceneDelegate.swift */ = {isa = PBXFileReference; lastKnownFileType = sourcecode.swift; path = SceneDelegate.swift; sourceTree = "<group>"; };
		46081747270779CD00B9DED9 /* ViewController.swift */ = {isa = PBXFileReference; lastKnownFileType = sourcecode.swift; path = ViewController.swift; sourceTree = "<group>"; };
		4608174A270779CD00B9DED9 /* Base */ = {isa = PBXFileReference; lastKnownFileType = file.storyboard; name = Base; path = Base.lproj/Main.storyboard; sourceTree = "<group>"; };
		4608174C270779CE00B9DED9 /* Assets.xcassets */ = {isa = PBXFileReference; lastKnownFileType = folder.assetcatalog; path = Assets.xcassets; sourceTree = "<group>"; };
		4608174F270779CE00B9DED9 /* Base */ = {isa = PBXFileReference; lastKnownFileType = file.storyboard; name = Base; path = Base.lproj/LaunchScreen.storyboard; sourceTree = "<group>"; };
		46081751270779CE00B9DED9 /* Info.plist */ = {isa = PBXFileReference; lastKnownFileType = text.plist.xml; path = Info.plist; sourceTree = "<group>"; };
		4608176327077AAF00B9DED9 /* LoginView.swift */ = {isa = PBXFileReference; lastKnownFileType = sourcecode.swift; path = LoginView.swift; sourceTree = "<group>"; };
		4608176627077ABD00B9DED9 /* LoginView.xib */ = {isa = PBXFileReference; lastKnownFileType = file.xib; path = LoginView.xib; sourceTree = "<group>"; };
		4608176927077D0A00B9DED9 /* LoginViewModel.swift */ = {isa = PBXFileReference; lastKnownFileType = sourcecode.swift; path = LoginViewModel.swift; sourceTree = "<group>"; };
		4608176D27077E3400B9DED9 /* APIManager.swift */ = {isa = PBXFileReference; lastKnownFileType = sourcecode.swift; path = APIManager.swift; sourceTree = "<group>"; };
		46081771270787E800B9DED9 /* Database.xcdatamodel */ = {isa = PBXFileReference; lastKnownFileType = wrapper.xcdatamodel; path = Database.xcdatamodel; sourceTree = "<group>"; };
		460817752707883D00B9DED9 /* User+CoreDataClass.swift */ = {isa = PBXFileReference; lastKnownFileType = sourcecode.swift; path = "User+CoreDataClass.swift"; sourceTree = SOURCE_ROOT; };
		460817762707883D00B9DED9 /* User+CoreDataProperties.swift */ = {isa = PBXFileReference; lastKnownFileType = sourcecode.swift; path = "User+CoreDataProperties.swift"; sourceTree = SOURCE_ROOT; };
		4608177A270788D800B9DED9 /* Extension.swift */ = {isa = PBXFileReference; lastKnownFileType = sourcecode.swift; path = Extension.swift; sourceTree = "<group>"; };
		4608177D270789B100B9DED9 /* Database.swift */ = {isa = PBXFileReference; lastKnownFileType = sourcecode.swift; path = Database.swift; sourceTree = "<group>"; };
		A6221B04145543BEA0E0EF70 /* Pods-RxSwiftProject.release.xcconfig */ = {isa = PBXFileReference; includeInIndex = 1; lastKnownFileType = text.xcconfig; name = "Pods-RxSwiftProject.release.xcconfig"; path = "Target Support Files/Pods-RxSwiftProject/Pods-RxSwiftProject.release.xcconfig"; sourceTree = "<group>"; };
		A69DBFDBDE906CCD0E431D54 /* Pods-RxSwiftProject.debug.xcconfig */ = {isa = PBXFileReference; includeInIndex = 1; lastKnownFileType = text.xcconfig; name = "Pods-RxSwiftProject.debug.xcconfig"; path = "Target Support Files/Pods-RxSwiftProject/Pods-RxSwiftProject.debug.xcconfig"; sourceTree = "<group>"; };
/* End PBXFileReference section */

/* Begin PBXFrameworksBuildPhase section */
		4608173D270779CD00B9DED9 /* Frameworks */ = {
			isa = PBXFrameworksBuildPhase;
			buildActionMask = 2147483647;
			files = (
				1B3553F4BF7DAD9978728A5A /* Pods_RxSwiftProject.framework in Frameworks */,
			);
			runOnlyForDeploymentPostprocessing = 0;
		};
/* End PBXFrameworksBuildPhase section */

/* Begin PBXGroup section */
		0DBED491340D8D49FD695748 /* Frameworks */ = {
			isa = PBXGroup;
			children = (
				0FB77FB25397B7C807D2DB9E /* Pods_RxSwiftProject.framework */,
			);
			name = Frameworks;
			sourceTree = "<group>";
		};
		440EA1114373921CD2203803 /* Pods */ = {
			isa = PBXGroup;
			children = (
				A69DBFDBDE906CCD0E431D54 /* Pods-RxSwiftProject.debug.xcconfig */,
				A6221B04145543BEA0E0EF70 /* Pods-RxSwiftProject.release.xcconfig */,
			);
			path = Pods;
			sourceTree = "<group>";
		};
		46081737270779CD00B9DED9 = {
			isa = PBXGroup;
			children = (
				46081742270779CD00B9DED9 /* RxSwiftProject */,
				46081741270779CD00B9DED9 /* Products */,
				440EA1114373921CD2203803 /* Pods */,
				0DBED491340D8D49FD695748 /* Frameworks */,
			);
			sourceTree = "<group>";
		};
		46081741270779CD00B9DED9 /* Products */ = {
			isa = PBXGroup;
			children = (
				46081740270779CD00B9DED9 /* RxSwiftProject.app */,
			);
			name = Products;
			sourceTree = "<group>";
		};
		46081742270779CD00B9DED9 /* RxSwiftProject */ = {
			isa = PBXGroup;
			children = (
				4608176C27077E1B00B9DED9 /* Model */,
				4608175E27077A3100B9DED9 /* Helper */,
				4608175D27077A2600B9DED9 /* Database */,
				4608175C27077A1F00B9DED9 /* ViewControllers */,
				4608175B27077A1700B9DED9 /* ViewModels */,
				4608175A27077A1200B9DED9 /* Views */,
				46081743270779CD00B9DED9 /* AppDelegate.swift */,
				46081745270779CD00B9DED9 /* SceneDelegate.swift */,
				46081747270779CD00B9DED9 /* ViewController.swift */,
				46081749270779CD00B9DED9 /* Main.storyboard */,
				4608174C270779CE00B9DED9 /* Assets.xcassets */,
				4608174E270779CE00B9DED9 /* LaunchScreen.storyboard */,
				46081751270779CE00B9DED9 /* Info.plist */,
			);
			path = RxSwiftProject;
			sourceTree = "<group>";
		};
		4608175A27077A1200B9DED9 /* Views */ = {
			isa = PBXGroup;
			children = (
				4608176327077AAF00B9DED9 /* LoginView.swift */,
				4608176627077ABD00B9DED9 /* LoginView.xib */,
			);
			path = Views;
			sourceTree = "<group>";
		};
		4608175B27077A1700B9DED9 /* ViewModels */ = {
			isa = PBXGroup;
			children = (
				4608176927077D0A00B9DED9 /* LoginViewModel.swift */,
			);
			path = ViewModels;
			sourceTree = "<group>";
		};
		4608175C27077A1F00B9DED9 /* ViewControllers */ = {
			isa = PBXGroup;
			children = (
			);
			path = ViewControllers;
			sourceTree = "<group>";
		};
		4608175D27077A2600B9DED9 /* Database */ = {
			isa = PBXGroup;
			children = (
				460817742707882D00B9DED9 /* User */,
				46081770270787E800B9DED9 /* Database.xcdatamodeld */,
			);
			path = Database;
			sourceTree = "<group>";
		};
		4608175E27077A3100B9DED9 /* Helper */ = {
			isa = PBXGroup;
			children = (
				4608177A270788D800B9DED9 /* Extension.swift */,
			);
			path = Helper;
			sourceTree = "<group>";
		};
		4608176C27077E1B00B9DED9 /* Model */ = {
			isa = PBXGroup;
			children = (
				4608176D27077E3400B9DED9 /* APIManager.swift */,
			);
			path = Model;
			sourceTree = "<group>";
		};
		460817742707882D00B9DED9 /* User */ = {
			isa = PBXGroup;
			children = (
				460817752707883D00B9DED9 /* User+CoreDataClass.swift */,
				460817762707883D00B9DED9 /* User+CoreDataProperties.swift */,
				4608177D270789B100B9DED9 /* Database.swift */,
			);
			path = User;
			sourceTree = "<group>";
		};
/* End PBXGroup section */

/* Begin PBXNativeTarget section */
		4608173F270779CD00B9DED9 /* RxSwiftProject */ = {
			isa = PBXNativeTarget;
			buildConfigurationList = 46081754270779CE00B9DED9 /* Build configuration list for PBXNativeTarget "RxSwiftProject" */;
			buildPhases = (
				60CDDB905DC0E184726C26FE /* [CP] Check Pods Manifest.lock */,
				4608173C270779CD00B9DED9 /* Sources */,
				4608173D270779CD00B9DED9 /* Frameworks */,
				4608173E270779CD00B9DED9 /* Resources */,
				76B056BF030053B4A5790A9F /* [CP] Embed Pods Frameworks */,
			);
			buildRules = (
			);
			dependencies = (
			);
			name = RxSwiftProject;
			productName = RxSwiftProject;
			productReference = 46081740270779CD00B9DED9 /* RxSwiftProject.app */;
			productType = "com.apple.product-type.application";
		};
/* End PBXNativeTarget section */

/* Begin PBXProject section */
		46081738270779CD00B9DED9 /* Project object */ = {
			isa = PBXProject;
			attributes = {
				LastSwiftUpdateCheck = 1240;
				LastUpgradeCheck = 1240;
				TargetAttributes = {
					4608173F270779CD00B9DED9 = {
						CreatedOnToolsVersion = 12.4;
					};
				};
			};
			buildConfigurationList = 4608173B270779CD00B9DED9 /* Build configuration list for PBXProject "RxSwiftProject" */;
			compatibilityVersion = "Xcode 9.3";
			developmentRegion = en;
			hasScannedForEncodings = 0;
			knownRegions = (
				en,
				Base,
			);
			mainGroup = 46081737270779CD00B9DED9;
			productRefGroup = 46081741270779CD00B9DED9 /* Products */;
			projectDirPath = "";
			projectRoot = "";
			targets = (
				4608173F270779CD00B9DED9 /* RxSwiftProject */,
			);
		};
/* End PBXProject section */

/* Begin PBXResourcesBuildPhase section */
		4608173E270779CD00B9DED9 /* Resources */ = {
			isa = PBXResourcesBuildPhase;
			buildActionMask = 2147483647;
			files = (
				46081750270779CE00B9DED9 /* LaunchScreen.storyboard in Resources */,
				4608174D270779CE00B9DED9 /* Assets.xcassets in Resources */,
				4608176727077ABD00B9DED9 /* LoginView.xib in Resources */,
				4608174B270779CD00B9DED9 /* Main.storyboard in Resources */,
			);
			runOnlyForDeploymentPostprocessing = 0;
		};
/* End PBXResourcesBuildPhase section */

/* Begin PBXShellScriptBuildPhase section */
		60CDDB905DC0E184726C26FE /* [CP] Check Pods Manifest.lock */ = {
			isa = PBXShellScriptBuildPhase;
			buildActionMask = 2147483647;
			files = (
			);
			inputFileListPaths = (
			);
			inputPaths = (
				"${PODS_PODFILE_DIR_PATH}/Podfile.lock",
				"${PODS_ROOT}/Manifest.lock",
			);
			name = "[CP] Check Pods Manifest.lock";
			outputFileListPaths = (
			);
			outputPaths = (
				"$(DERIVED_FILE_DIR)/Pods-RxSwiftProject-checkManifestLockResult.txt",
			);
			runOnlyForDeploymentPostprocessing = 0;
			shellPath = /bin/sh;
			shellScript = "diff \"${PODS_PODFILE_DIR_PATH}/Podfile.lock\" \"${PODS_ROOT}/Manifest.lock\" > /dev/null\nif [ $? != 0 ] ; then\n    # print error to STDERR\n    echo \"error: The sandbox is not in sync with the Podfile.lock. Run 'pod install' or update your CocoaPods installation.\" >&2\n    exit 1\nfi\n# This output is used by Xcode 'outputs' to avoid re-running this script phase.\necho \"SUCCESS\" > \"${SCRIPT_OUTPUT_FILE_0}\"\n";
			showEnvVarsInLog = 0;
		};
		76B056BF030053B4A5790A9F /* [CP] Embed Pods Frameworks */ = {
			isa = PBXShellScriptBuildPhase;
			buildActionMask = 2147483647;
			files = (
			);
			inputFileListPaths = (
				"${PODS_ROOT}/Target Support Files/Pods-RxSwiftProject/Pods-RxSwiftProject-frameworks-${CONFIGURATION}-input-files.xcfilelist",
			);
			name = "[CP] Embed Pods Frameworks";
			outputFileListPaths = (
				"${PODS_ROOT}/Target Support Files/Pods-RxSwiftProject/Pods-RxSwiftProject-frameworks-${CONFIGURATION}-output-files.xcfilelist",
			);
			runOnlyForDeploymentPostprocessing = 0;
			shellPath = /bin/sh;
			shellScript = "\"${PODS_ROOT}/Target Support Files/Pods-RxSwiftProject/Pods-RxSwiftProject-frameworks.sh\"\n";
			showEnvVarsInLog = 0;
		};
/* End PBXShellScriptBuildPhase section */

/* Begin PBXSourcesBuildPhase section */
		4608173C270779CD00B9DED9 /* Sources */ = {
			isa = PBXSourcesBuildPhase;
			buildActionMask = 2147483647;
			files = (
				46081772270787E800B9DED9 /* Database.xcdatamodeld in Sources */,
				4608177E270789B100B9DED9 /* Database.swift in Sources */,
				4608176E27077E3400B9DED9 /* APIManager.swift in Sources */,
				46081748270779CD00B9DED9 /* ViewController.swift in Sources */,
				46081744270779CD00B9DED9 /* AppDelegate.swift in Sources */,
				4608176427077AAF00B9DED9 /* LoginView.swift in Sources */,
				4608177B270788D800B9DED9 /* Extension.swift in Sources */,
				4608176A27077D0A00B9DED9 /* LoginViewModel.swift in Sources */,
				460817772707883D00B9DED9 /* User+CoreDataClass.swift in Sources */,
				46081746270779CD00B9DED9 /* SceneDelegate.swift in Sources */,
				460817782707883D00B9DED9 /* User+CoreDataProperties.swift in Sources */,
			);
			runOnlyForDeploymentPostprocessing = 0;
		};
/* End PBXSourcesBuildPhase section */

/* Begin PBXVariantGroup section */
		46081749270779CD00B9DED9 /* Main.storyboard */ = {
			isa = PBXVariantGroup;
			children = (
				4608174A270779CD00B9DED9 /* Base */,
			);
			name = Main.storyboard;
			sourceTree = "<group>";
		};
		4608174E270779CE00B9DED9 /* LaunchScreen.storyboard */ = {
			isa = PBXVariantGroup;
			children = (
				4608174F270779CE00B9DED9 /* Base */,
			);
			name = LaunchScreen.storyboard;
			sourceTree = "<group>";
		};
/* End PBXVariantGroup section */

/* Begin XCBuildConfiguration section */
		46081752270779CE00B9DED9 /* Debug */ = {
			isa = XCBuildConfiguration;
			buildSettings = {
				ALWAYS_SEARCH_USER_PATHS = NO;
				CLANG_ANALYZER_NONNULL = YES;
				CLANG_ANALYZER_NUMBER_OBJECT_CONVERSION = YES_AGGRESSIVE;
				CLANG_CXX_LANGUAGE_STANDARD = "gnu++14";
				CLANG_CXX_LIBRARY = "libc++";
				CLANG_ENABLE_MODULES = YES;
				CLANG_ENABLE_OBJC_ARC = YES;
				CLANG_ENABLE_OBJC_WEAK = YES;
				CLANG_WARN_BLOCK_CAPTURE_AUTORELEASING = YES;
				CLANG_WARN_BOOL_CONVERSION = YES;
				CLANG_WARN_COMMA = YES;
				CLANG_WARN_CONSTANT_CONVERSION = YES;
				CLANG_WARN_DEPRECATED_OBJC_IMPLEMENTATIONS = YES;
				CLANG_WARN_DIRECT_OBJC_ISA_USAGE = YES_ERROR;
				CLANG_WARN_DOCUMENTATION_COMMENTS = YES;
				CLANG_WARN_EMPTY_BODY = YES;
				CLANG_WARN_ENUM_CONVERSION = YES;
				CLANG_WARN_INFINITE_RECURSION = YES;
				CLANG_WARN_INT_CONVERSION = YES;
				CLANG_WARN_NON_LITERAL_NULL_CONVERSION = YES;
				CLANG_WARN_OBJC_IMPLICIT_RETAIN_SELF = YES;
				CLANG_WARN_OBJC_LITERAL_CONVERSION = YES;
				CLANG_WARN_OBJC_ROOT_CLASS = YES_ERROR;
				CLANG_WARN_QUOTED_INCLUDE_IN_FRAMEWORK_HEADER = YES;
				CLANG_WARN_RANGE_LOOP_ANALYSIS = YES;
				CLANG_WARN_STRICT_PROTOTYPES = YES;
				CLANG_WARN_SUSPICIOUS_MOVE = YES;
				CLANG_WARN_UNGUARDED_AVAILABILITY = YES_AGGRESSIVE;
				CLANG_WARN_UNREACHABLE_CODE = YES;
				CLANG_WARN__DUPLICATE_METHOD_MATCH = YES;
				COPY_PHASE_STRIP = NO;
				DEBUG_INFORMATION_FORMAT = dwarf;
				ENABLE_STRICT_OBJC_MSGSEND = YES;
				ENABLE_TESTABILITY = YES;
				GCC_C_LANGUAGE_STANDARD = gnu11;
				GCC_DYNAMIC_NO_PIC = NO;
				GCC_NO_COMMON_BLOCKS = YES;
				GCC_OPTIMIZATION_LEVEL = 0;
				GCC_PREPROCESSOR_DEFINITIONS = (
					"DEBUG=1",
					"$(inherited)",
				);
				GCC_WARN_64_TO_32_BIT_CONVERSION = YES;
				GCC_WARN_ABOUT_RETURN_TYPE = YES_ERROR;
				GCC_WARN_UNDECLARED_SELECTOR = YES;
				GCC_WARN_UNINITIALIZED_AUTOS = YES_AGGRESSIVE;
				GCC_WARN_UNUSED_FUNCTION = YES;
				GCC_WARN_UNUSED_VARIABLE = YES;
				IPHONEOS_DEPLOYMENT_TARGET = 14.4;
				MTL_ENABLE_DEBUG_INFO = INCLUDE_SOURCE;
				MTL_FAST_MATH = YES;
				ONLY_ACTIVE_ARCH = YES;
				SDKROOT = iphoneos;
				SWIFT_ACTIVE_COMPILATION_CONDITIONS = DEBUG;
				SWIFT_OPTIMIZATION_LEVEL = "-Onone";
			};
			name = Debug;
		};
		46081753270779CE00B9DED9 /* Release */ = {
			isa = XCBuildConfiguration;
			buildSettings = {
				ALWAYS_SEARCH_USER_PATHS = NO;
				CLANG_ANALYZER_NONNULL = YES;
				CLANG_ANALYZER_NUMBER_OBJECT_CONVERSION = YES_AGGRESSIVE;
				CLANG_CXX_LANGUAGE_STANDARD = "gnu++14";
				CLANG_CXX_LIBRARY = "libc++";
				CLANG_ENABLE_MODULES = YES;
				CLANG_ENABLE_OBJC_ARC = YES;
				CLANG_ENABLE_OBJC_WEAK = YES;
				CLANG_WARN_BLOCK_CAPTURE_AUTORELEASING = YES;
				CLANG_WARN_BOOL_CONVERSION = YES;
				CLANG_WARN_COMMA = YES;
				CLANG_WARN_CONSTANT_CONVERSION = YES;
				CLANG_WARN_DEPRECATED_OBJC_IMPLEMENTATIONS = YES;
				CLANG_WARN_DIRECT_OBJC_ISA_USAGE = YES_ERROR;
				CLANG_WARN_DOCUMENTATION_COMMENTS = YES;
				CLANG_WARN_EMPTY_BODY = YES;
				CLANG_WARN_ENUM_CONVERSION = YES;
				CLANG_WARN_INFINITE_RECURSION = YES;
				CLANG_WARN_INT_CONVERSION = YES;
				CLANG_WARN_NON_LITERAL_NULL_CONVERSION = YES;
				CLANG_WARN_OBJC_IMPLICIT_RETAIN_SELF = YES;
				CLANG_WARN_OBJC_LITERAL_CONVERSION = YES;
				CLANG_WARN_OBJC_ROOT_CLASS = YES_ERROR;
				CLANG_WARN_QUOTED_INCLUDE_IN_FRAMEWORK_HEADER = YES;
				CLANG_WARN_RANGE_LOOP_ANALYSIS = YES;
				CLANG_WARN_STRICT_PROTOTYPES = YES;
				CLANG_WARN_SUSPICIOUS_MOVE = YES;
				CLANG_WARN_UNGUARDED_AVAILABILITY = YES_AGGRESSIVE;
				CLANG_WARN_UNREACHABLE_CODE = YES;
				CLANG_WARN__DUPLICATE_METHOD_MATCH = YES;
				COPY_PHASE_STRIP = NO;
				DEBUG_INFORMATION_FORMAT = "dwarf-with-dsym";
				ENABLE_NS_ASSERTIONS = NO;
				ENABLE_STRICT_OBJC_MSGSEND = YES;
				GCC_C_LANGUAGE_STANDARD = gnu11;
				GCC_NO_COMMON_BLOCKS = YES;
				GCC_WARN_64_TO_32_BIT_CONVERSION = YES;
				GCC_WARN_ABOUT_RETURN_TYPE = YES_ERROR;
				GCC_WARN_UNDECLARED_SELECTOR = YES;
				GCC_WARN_UNINITIALIZED_AUTOS = YES_AGGRESSIVE;
				GCC_WARN_UNUSED_FUNCTION = YES;
				GCC_WARN_UNUSED_VARIABLE = YES;
				IPHONEOS_DEPLOYMENT_TARGET = 14.4;
				MTL_ENABLE_DEBUG_INFO = NO;
				MTL_FAST_MATH = YES;
				SDKROOT = iphoneos;
				SWIFT_COMPILATION_MODE = wholemodule;
				SWIFT_OPTIMIZATION_LEVEL = "-O";
				VALIDATE_PRODUCT = YES;
			};
			name = Release;
		};
		46081755270779CE00B9DED9 /* Debug */ = {
			isa = XCBuildConfiguration;
			baseConfigurationReference = A69DBFDBDE906CCD0E431D54 /* Pods-RxSwiftProject.debug.xcconfig */;
			buildSettings = {
				ASSETCATALOG_COMPILER_APPICON_NAME = AppIcon;
				ASSETCATALOG_COMPILER_GLOBAL_ACCENT_COLOR_NAME = AccentColor;
				CODE_SIGN_STYLE = Automatic;
				DEVELOPMENT_TEAM = Q7V4P35X88;
				INFOPLIST_FILE = RxSwiftProject/Info.plist;
				LD_RUNPATH_SEARCH_PATHS = (
					"$(inherited)",
					"@executable_path/Frameworks",
				);
				PRODUCT_BUNDLE_IDENTIFIER = OLBUZ.RxSwiftProject;
				PRODUCT_NAME = "$(TARGET_NAME)";
				SWIFT_VERSION = 5.0;
				TARGETED_DEVICE_FAMILY = "1,2";
			};
			name = Debug;
		};
		46081756270779CE00B9DED9 /* Release */ = {
			isa = XCBuildConfiguration;
			baseConfigurationReference = A6221B04145543BEA0E0EF70 /* Pods-RxSwiftProject.release.xcconfig */;
			buildSettings = {
				ASSETCATALOG_COMPILER_APPICON_NAME = AppIcon;
				ASSETCATALOG_COMPILER_GLOBAL_ACCENT_COLOR_NAME = AccentColor;
				CODE_SIGN_STYLE = Automatic;
				DEVELOPMENT_TEAM = Q7V4P35X88;
				INFOPLIST_FILE = RxSwiftProject/Info.plist;
				LD_RUNPATH_SEARCH_PATHS = (
					"$(inherited)",
					"@executable_path/Frameworks",
				);
				PRODUCT_BUNDLE_IDENTIFIER = OLBUZ.RxSwiftProject;
				PRODUCT_NAME = "$(TARGET_NAME)";
				SWIFT_VERSION = 5.0;
				TARGETED_DEVICE_FAMILY = "1,2";
			};
			name = Release;
		};
/* End XCBuildConfiguration section */

/* Begin XCConfigurationList section */
		4608173B270779CD00B9DED9 /* Build configuration list for PBXProject "RxSwiftProject" */ = {
			isa = XCConfigurationList;
			buildConfigurations = (
				46081752270779CE00B9DED9 /* Debug */,
				46081753270779CE00B9DED9 /* Release */,
			);
			defaultConfigurationIsVisible = 0;
			defaultConfigurationName = Release;
		};
		46081754270779CE00B9DED9 /* Build configuration list for PBXNativeTarget "RxSwiftProject" */ = {
			isa = XCConfigurationList;
			buildConfigurations = (
				46081755270779CE00B9DED9 /* Debug */,
				46081756270779CE00B9DED9 /* Release */,
			);
			defaultConfigurationIsVisible = 0;
			defaultConfigurationName = Release;
		};
/* End XCConfigurationList section */

/* Begin XCVersionGroup section */
		46081770270787E800B9DED9 /* Database.xcdatamodeld */ = {
			isa = XCVersionGroup;
			children = (
				46081771270787E800B9DED9 /* Database.xcdatamodel */,
			);
			currentVersion = 46081771270787E800B9DED9 /* Database.xcdatamodel */;
			path = Database.xcdatamodeld;
			sourceTree = "<group>";
			versionGroupType = wrapper.xcdatamodel;
		};
/* End XCVersionGroup section */
	};
	rootObject = 46081738270779CD00B9DED9 /* Project object */;
}
